
Microsoft Visual Studio Solution File, Format Version 12.00
# Visual Studio 14
VisualStudioVersion = 14.0.25420.1
MinimumVisualStudioVersion = 10.0.40219.1
Project("{FAE04EC0-301F-11D3-BF4B-00C04F79EFBC}") = "ScrappmindAg", "ScrappmindAg\ScrappmindAg.csproj", "{4D47FFE8-211C-4E84-B1FC-4BB81EEFC1DB}"
EndProject
Project("{FAE04EC0-301F-11D3-BF4B-00C04F79EFBC}") = "DTO", "DTO\DTO.csproj", "{51744A7B-B479-4012-B91F-0C4790FA793C}"
EndProject
Project("{FAE04EC0-301F-11D3-BF4B-00C04F79EFBC}") = "CAD", "CAD\CAD.csproj", "{4F724633-4B3A-432C-9264-76488BAAE392}"
EndProject
Global
	GlobalSection(SolutionConfigurationPlatforms) = preSolution
		Debug|Any CPU = Debug|Any CPU
		Release|Any CPU = Release|Any CPU
	EndGlobalSection
	GlobalSection(ProjectConfigurationPlatforms) = postSolution
		{4D47FFE8-211C-4E84-B1FC-4BB81EEFC1DB}.Debug|Any CPU.ActiveCfg = Debug|Any CPU
		{4D47FFE8-211C-4E84-B1FC-4BB81EEFC1DB}.Debug|Any CPU.Build.0 = Debug|Any CPU
		{4D47FFE8-211C-4E84-B1FC-4BB81EEFC1DB}.Release|Any CPU.ActiveCfg = Release|Any CPU
		{4D47FFE8-211C-4E84-B1FC-4BB81EEFC1DB}.Release|Any CPU.Build.0 = Release|Any CPU
		{51744A7B-B479-4012-B91F-0C4790FA793C}.Debug|Any CPU.ActiveCfg = Debug|Any CPU
		{51744A7B-B479-4012-B91F-0C4790FA793C}.Debug|Any CPU.Build.0 = Debug|Any CPU
		{51744A7B-B479-4012-B91F-0C4790FA793C}.Release|Any CPU.ActiveCfg = Release|Any CPU
		{51744A7B-B479-4012-B91F-0C4790FA793C}.Release|Any CPU.Build.0 = Release|Any CPU
		{4F724633-4B3A-432C-9264-76488BAAE392}.Debug|Any CPU.ActiveCfg = Debug|Any CPU
		{4F724633-4B3A-432C-9264-76488BAAE392}.Debug|Any CPU.Build.0 = Debug|Any CPU
		{4F724633-4B3A-432C-9264-76488BAAE392}.Release|Any CPU.ActiveCfg = Release|Any CPU
		{4F724633-4B3A-432C-9264-76488BAAE392}.Release|Any CPU.Build.0 = Release|Any CPU
	EndGlobalSection
	GlobalSection(SolutionProperties) = preSolution
		HideSolutionNode = FALSE
	EndGlobalSection
EndGlobal
